
Microsoft Visual Studio Solution File, Format Version 12.00
# Visual Studio 15
VisualStudioVersion = 15.0.26430.13
MinimumVisualStudioVersion = 10.0.40219.1
Project("{FAE04EC0-301F-11D3-BF4B-00C04F79EFBC}") = "CapaNegocio", "CapaNegocio\CapaNegocio.csproj", "{0F59B224-5B45-4519-ACFE-8C445D796A98}"
EndProject
Project("{FAE04EC0-301F-11D3-BF4B-00C04F79EFBC}") = "CapaVisual", "CapaVisual\CapaVisual.csproj", "{A73DDAF7-9D02-4F00-A2A7-D5005FE3C1BC}"
EndProject
Project("{FAE04EC0-301F-11D3-BF4B-00C04F79EFBC}") = "CapaDatos", "CapaDatos\CapaDatos.csproj", "{00D2608A-145B-41C1-9F1D-3403C39F0D3E}"
EndProject
Project("{FAE04EC0-301F-11D3-BF4B-00C04F79EFBC}") = "CapaEntidad", "CapaEntidad\CapaEntidad.csproj", "{AE5EBBBC-0506-484D-B9E1-E6192710A624}"
EndProject
Project("{54435603-DBB4-11D2-8724-00A0C9A8B90C}") = "CarteleraSetup", "CarteleraSetup\CarteleraSetup.vdproj", "{74E03633-AC1F-4E21-BBF4-F2F2023FB052}"
EndProject
Project("{FAE04EC0-301F-11D3-BF4B-00C04F79EFBC}") = "PruebasUnitarias", "PruebasUnitarias\PruebasUnitarias.csproj", "{C4566E4E-88F2-46FA-98B8-92849676BDD5}"
EndProject
Global
	GlobalSection(SolutionConfigurationPlatforms) = preSolution
		Debug|Any CPU = Debug|Any CPU
		Release|Any CPU = Release|Any CPU
	EndGlobalSection
	GlobalSection(ProjectConfigurationPlatforms) = postSolution
		{0F59B224-5B45-4519-ACFE-8C445D796A98}.Debug|Any CPU.ActiveCfg = Debug|Any CPU
		{0F59B224-5B45-4519-ACFE-8C445D796A98}.Debug|Any CPU.Build.0 = Debug|Any CPU
		{0F59B224-5B45-4519-ACFE-8C445D796A98}.Release|Any CPU.ActiveCfg = Release|Any CPU
		{0F59B224-5B45-4519-ACFE-8C445D796A98}.Release|Any CPU.Build.0 = Release|Any CPU
		{A73DDAF7-9D02-4F00-A2A7-D5005FE3C1BC}.Debug|Any CPU.ActiveCfg = Debug|Any CPU
		{A73DDAF7-9D02-4F00-A2A7-D5005FE3C1BC}.Debug|Any CPU.Build.0 = Debug|Any CPU
		{A73DDAF7-9D02-4F00-A2A7-D5005FE3C1BC}.Release|Any CPU.ActiveCfg = Release|Any CPU
		{A73DDAF7-9D02-4F00-A2A7-D5005FE3C1BC}.Release|Any CPU.Build.0 = Release|Any CPU
		{00D2608A-145B-41C1-9F1D-3403C39F0D3E}.Debug|Any CPU.ActiveCfg = Debug|Any CPU
		{00D2608A-145B-41C1-9F1D-3403C39F0D3E}.Debug|Any CPU.Build.0 = Debug|Any CPU
		{00D2608A-145B-41C1-9F1D-3403C39F0D3E}.Release|Any CPU.ActiveCfg = Release|Any CPU
		{00D2608A-145B-41C1-9F1D-3403C39F0D3E}.Release|Any CPU.Build.0 = Release|Any CPU
		{AE5EBBBC-0506-484D-B9E1-E6192710A624}.Debug|Any CPU.ActiveCfg = Debug|Any CPU
		{AE5EBBBC-0506-484D-B9E1-E6192710A624}.Debug|Any CPU.Build.0 = Debug|Any CPU
		{AE5EBBBC-0506-484D-B9E1-E6192710A624}.Release|Any CPU.ActiveCfg = Release|Any CPU
		{AE5EBBBC-0506-484D-B9E1-E6192710A624}.Release|Any CPU.Build.0 = Release|Any CPU
		{74E03633-AC1F-4E21-BBF4-F2F2023FB052}.Debug|Any CPU.ActiveCfg = Debug
		{74E03633-AC1F-4E21-BBF4-F2F2023FB052}.Release|Any CPU.ActiveCfg = Release
		{C4566E4E-88F2-46FA-98B8-92849676BDD5}.Debug|Any CPU.ActiveCfg = Debug|Any CPU
		{C4566E4E-88F2-46FA-98B8-92849676BDD5}.Debug|Any CPU.Build.0 = Debug|Any CPU
		{C4566E4E-88F2-46FA-98B8-92849676BDD5}.Release|Any CPU.ActiveCfg = Release|Any CPU
		{C4566E4E-88F2-46FA-98B8-92849676BDD5}.Release|Any CPU.Build.0 = Release|Any CPU
	EndGlobalSection
	GlobalSection(SolutionProperties) = preSolution
		HideSolutionNode = FALSE
	EndGlobalSection
EndGlobal
